
Microsoft Visual Studio Solution File, Format Version 12.00
# Visual Studio Version 17
VisualStudioVersion = 17.10.35122.118
MinimumVisualStudioVersion = 10.0.40219.1
Project("{FAE04EC0-301F-11D3-BF4B-00C04F79EFBC}") = "05_Enumeracoes", "05_Enumeracoes\05_Enumeracoes.csproj", "{DB76A432-6505-4D7B-B0A2-8FEDF3A9B2E5}"
EndProject
Global
	GlobalSection(SolutionConfigurationPlatforms) = preSolution
		Debug|Any CPU = Debug|Any CPU
		Release|Any CPU = Release|Any CPU
	EndGlobalSection
	GlobalSection(ProjectConfigurationPlatforms) = postSolution
		{DB76A432-6505-4D7B-B0A2-8FEDF3A9B2E5}.Debug|Any CPU.ActiveCfg = Debug|Any CPU
		{DB76A432-6505-4D7B-B0A2-8FEDF3A9B2E5}.Debug|Any CPU.Build.0 = Debug|Any CPU
		{DB76A432-6505-4D7B-B0A2-8FEDF3A9B2E5}.Release|Any CPU.ActiveCfg = Release|Any CPU
		{DB76A432-6505-4D7B-B0A2-8FEDF3A9B2E5}.Release|Any CPU.Build.0 = Release|Any CPU
	EndGlobalSection
	GlobalSection(SolutionProperties) = preSolution
		HideSolutionNode = FALSE
	EndGlobalSection
	GlobalSection(ExtensibilityGlobals) = postSolution
		SolutionGuid = {140650F6-6C50-49F4-AFA4-983072B7A3F0}
	EndGlobalSection
EndGlobal
